
Microsoft Visual Studio Solution File, Format Version 12.00
# Visual Studio 15
VisualStudioVersion = 15.0.27703.2042
MinimumVisualStudioVersion = 10.0.40219.1
Project("{FAE04EC0-301F-11D3-BF4B-00C04F79EFBC}") = "Grades", "Grades\Grades.csproj", "{47CD40BD-12F3-47D3-ACD5-66490CD2C617}"
EndProject
Project("{FAE04EC0-301F-11D3-BF4B-00C04F79EFBC}") = "Grades.Tests", "Grades.Tests\Grades.Tests.csproj", "{DA8DA348-8399-4501-9DF0-68FB6C1ED7B7}"
EndProject
Global
	GlobalSection(SolutionConfigurationPlatforms) = preSolution
		Debug|Any CPU = Debug|Any CPU
		Release|Any CPU = Release|Any CPU
	EndGlobalSection
	GlobalSection(ProjectConfigurationPlatforms) = postSolution
		{47CD40BD-12F3-47D3-ACD5-66490CD2C617}.Debug|Any CPU.ActiveCfg = Debug|Any CPU
		{47CD40BD-12F3-47D3-ACD5-66490CD2C617}.Debug|Any CPU.Build.0 = Debug|Any CPU
		{47CD40BD-12F3-47D3-ACD5-66490CD2C617}.Release|Any CPU.ActiveCfg = Release|Any CPU
		{47CD40BD-12F3-47D3-ACD5-66490CD2C617}.Release|Any CPU.Build.0 = Release|Any CPU
		{DA8DA348-8399-4501-9DF0-68FB6C1ED7B7}.Debug|Any CPU.ActiveCfg = Debug|Any CPU
		{DA8DA348-8399-4501-9DF0-68FB6C1ED7B7}.Debug|Any CPU.Build.0 = Debug|Any CPU
		{DA8DA348-8399-4501-9DF0-68FB6C1ED7B7}.Release|Any CPU.ActiveCfg = Release|Any CPU
		{DA8DA348-8399-4501-9DF0-68FB6C1ED7B7}.Release|Any CPU.Build.0 = Release|Any CPU
	EndGlobalSection
	GlobalSection(SolutionProperties) = preSolution
		HideSolutionNode = FALSE
	EndGlobalSection
	GlobalSection(ExtensibilityGlobals) = postSolution
		SolutionGuid = {CD374674-7FA4-4A51-87FE-94E312074DFA}
	EndGlobalSection
EndGlobal
